
Microsoft Visual Studio Solution File, Format Version 12.00
# Visual Studio 15
VisualStudioVersion = 15.0.27703.2018
MinimumVisualStudioVersion = 10.0.40219.1
Project("{FAE04EC0-301F-11D3-BF4B-00C04F79EFBC}") = "mokumoku-functions", "mokumoku-functions\mokumoku-functions.csproj", "{6DE0BF13-5813-4F16-A8B7-A36630144874}"
EndProject
Global
	GlobalSection(SolutionConfigurationPlatforms) = preSolution
		Debug|Any CPU = Debug|Any CPU
		Release|Any CPU = Release|Any CPU
	EndGlobalSection
	GlobalSection(ProjectConfigurationPlatforms) = postSolution
		{6DE0BF13-5813-4F16-A8B7-A36630144874}.Debug|Any CPU.ActiveCfg = Debug|Any CPU
		{6DE0BF13-5813-4F16-A8B7-A36630144874}.Debug|Any CPU.Build.0 = Debug|Any CPU
		{6DE0BF13-5813-4F16-A8B7-A36630144874}.Release|Any CPU.ActiveCfg = Release|Any CPU
		{6DE0BF13-5813-4F16-A8B7-A36630144874}.Release|Any CPU.Build.0 = Release|Any CPU
	EndGlobalSection
	GlobalSection(SolutionProperties) = preSolution
		HideSolutionNode = FALSE
	EndGlobalSection
	GlobalSection(ExtensibilityGlobals) = postSolution
		SolutionGuid = {319EC15B-201D-4876-BDA4-77BB0DB9A752}
	EndGlobalSection
EndGlobal
